{
  "requires": true,
  "lockfileVersion": 1,
  "dependencies": {
    "react-hint": {
      "version": "3.2.0",
      "resolved": "https://registry.npmjs.org/react-hint/-/react-hint-3.2.0.tgz",
      "integrity": "sha512-ceKa6GaWtXEvj9eb1eOIpRouurb6WLV5fmApKNcxNbpY9xQkO6++1mXij9tlwGh4Ad/Vvv2pqlmoW17LIn1QTA=="
    }
  }
}
